{
    "_readme": [
        "This file locks the dependencies of your project to a known state",
        "Read more about it at http://getcomposer.org/doc/01-basic-usage.md#composer-lock-the-lock-file"
    ],
    "hash": "947024a399c2b3db8c42565967a138cf",
    "packages": [
        {
            "name": "malenki/argile",
            "version": "2.5",
            "source": {
                "type": "git",
                "url": "https://github.com/malenkiki/argile.git",
                "reference": "d6f9ddd5378b856b345cd0d4ad3eb566348090a2"
            },
            "dist": {
                "type": "zip",
                "url": "https://api.github.com/repos/malenkiki/argile/zipball/d6f9ddd5378b856b345cd0d4ad3eb566348090a2",
                "reference": "d6f9ddd5378b856b345cd0d4ad3eb566348090a2",
                "shasum": ""
            },
            "require": {
                "malenki/bah": ">=0.9.1",
                "php": ">=5.3.0"
            },
            "type": "library",
            "autoload": {
                "psr-0": {
                    "Malenki\\Argile": "src/"
                }
            },
            "notification-url": "https://packagist.org/downloads/",
            "license": [
                "MIT"
            ],
            "authors": [
                {
                    "name": "Michel Petit",
                    "email": "petit.michel@gmail.com",
                    "role": "Developer"
                }
            ],
            "description": "CLI app now easy when using args!",
            "homepage": "https://github.com/malenkiki/argile",
            "keywords": [
                "arg",
                "cli",
                "optget"
            ],
            "time": "2013-12-03 22:37:56"
        },
        {
            "name": "malenki/bah",
            "version": "0.9.1",
            "source": {
                "type": "git",
                "url": "https://github.com/malenkiki/bah.git",
                "reference": "d148f9f57ca1c00c8829c08cc896042a8db08cb8"
            },
            "dist": {
                "type": "zip",
                "url": "https://api.github.com/repos/malenkiki/bah/zipball/d148f9f57ca1c00c8829c08cc896042a8db08cb8",
                "reference": "d148f9f57ca1c00c8829c08cc896042a8db08cb8",
                "shasum": ""
            },
            "require": {
                "php": ">=5.3.0"
            },
            "type": "library",
            "autoload": {
                "psr-0": {
                    "Malenki\\Bah": "src/"
                }
            },
            "notification-url": "https://packagist.org/downloads/",
            "license": [
                "MIT"
            ],
            "authors": [
                {
                    "name": "Michel Petit",
                    "email": "petit.michel@gmail.com",
                    "role": "Developer"
                }
            ],
            "description": "Classes to use in place of array, string, integer PHP primitives",
            "homepage": "https://github.com/malenkiki/bah",
            "keywords": [
                "array",
                "number",
                "string"
            ],
            "time": "2013-11-03 16:12:29"
        },
        {
            "name": "malenki/math",
            "version": "dev-master",
            "source": {
                "type": "git",
                "url": "https://github.com/malenkiki/math.git",
                "reference": "7033f76715c7e743c722b2eeec1ef8d0d785f946"
            },
            "dist": {
                "type": "zip",
                "url": "https://api.github.com/repos/malenkiki/math/zipball/7033f76715c7e743c722b2eeec1ef8d0d785f946",
                "reference": "7033f76715c7e743c722b2eeec1ef8d0d785f946",
                "shasum": ""
            },
            "require": {
                "php": ">=5.3.0"
            },
            "type": "library",
            "autoload": {
                "psr-0": {
                    "Malenki\\Math": "src/"
                }
            },
            "notification-url": "https://packagist.org/downloads/",
            "license": [
                "MIT"
            ],
            "authors": [
                {
                    "name": "Michel Petit",
                    "email": "petit.michel@gmail.com",
                    "role": "Developer"
                }
            ],
            "description": "Some mathematical stuff",
            "homepage": "https://github.com/malenkiki/math",
            "keywords": [
                "math",
                "probability",
                "statistic"
            ],
            "time": "2014-01-05 23:06:52"
        }
    ],
    "packages-dev": [

    ],
    "aliases": [

    ],
    "minimum-stability": "stable",
    "stability-flags": {
        "malenki/math": 20
    },
    "platform": {
        "php": ">=5.3.0"
    },
    "platform-dev": [

    ]
}
